// !$*UTF8*$!
{
	archiveVersion = 1;
	classes = {
	};
	objectVersion = 46;
	objects = {

/* Begin PBXBuildFile section */
		590BA87E0BC14917A91CF98C /* libPods.a in Frameworks */ = {isa = PBXBuildFile; fileRef = 7A9C55CC4CD449AEB519B707 /* libPods.a */; };
		8822977419BBFC960098467D /* Foundation.framework in Frameworks */ = {isa = PBXBuildFile; fileRef = 8822977319BBFC960098467D /* Foundation.framework */; };
		8822977619BBFC960098467D /* CoreGraphics.framework in Frameworks */ = {isa = PBXBuildFile; fileRef = 8822977519BBFC960098467D /* CoreGraphics.framework */; };
		8822977819BBFC960098467D /* UIKit.framework in Frameworks */ = {isa = PBXBuildFile; fileRef = 8822977719BBFC960098467D /* UIKit.framework */; };
		8822977E19BBFC960098467D /* InfoPlist.strings in Resources */ = {isa = PBXBuildFile; fileRef = 8822977C19BBFC960098467D /* InfoPlist.strings */; };
		8822978019BBFC960098467D /* main.m in Sources */ = {isa = PBXBuildFile; fileRef = 8822977F19BBFC960098467D /* main.m */; };
		8822978419BBFC960098467D /* AppDelegate.m in Sources */ = {isa = PBXBuildFile; fileRef = 8822978319BBFC960098467D /* AppDelegate.m */; };
		8822978719BBFC960098467D /* Main.storyboard in Resources */ = {isa = PBXBuildFile; fileRef = 8822978519BBFC960098467D /* Main.storyboard */; };
		8822978F19BBFC960098467D /* Images.xcassets in Resources */ = {isa = PBXBuildFile; fileRef = 8822978E19BBFC960098467D /* Images.xcassets */; };
		8822979619BBFC960098467D /* XCTest.framework in Frameworks */ = {isa = PBXBuildFile; fileRef = 8822979519BBFC960098467D /* XCTest.framework */; };
		8822979719BBFC960098467D /* Foundation.framework in Frameworks */ = {isa = PBXBuildFile; fileRef = 8822977319BBFC960098467D /* Foundation.framework */; };
		8822979819BBFC960098467D /* UIKit.framework in Frameworks */ = {isa = PBXBuildFile; fileRef = 8822977719BBFC960098467D /* UIKit.framework */; };
		882297A019BBFC960098467D /* InfoPlist.strings in Resources */ = {isa = PBXBuildFile; fileRef = 8822979E19BBFC960098467D /* InfoPlist.strings */; };
		882297A219BBFC960098467D /* TeslaMotionTests.m in Sources */ = {isa = PBXBuildFile; fileRef = 882297A119BBFC960098467D /* TeslaMotionTests.m */; };
		882297B519BBFCEC0098467D /* SRWebSocket.m in Sources */ = {isa = PBXBuildFile; fileRef = 882297B019BBFCEC0098467D /* SRWebSocket.m */; };
		882297B619BBFCEC0098467D /* MusicViewController.m in Sources */ = {isa = PBXBuildFile; fileRef = 882297B119BBFCEC0098467D /* MusicViewController.m */; };
		882297B819BBFD0F0098467D /* Rdio.framework in Frameworks */ = {isa = PBXBuildFile; fileRef = 882297B719BBFD0F0098467D /* Rdio.framework */; };
		882297BA19BBFD260098467D /* AudioToolbox.framework in Frameworks */ = {isa = PBXBuildFile; fileRef = 882297B919BBFD260098467D /* AudioToolbox.framework */; };
		882297BC19BBFD2B0098467D /* CFNetwork.framework in Frameworks */ = {isa = PBXBuildFile; fileRef = 882297BB19BBFD2B0098467D /* CFNetwork.framework */; };
		882297BE19BBFD350098467D /* CoreMedia.framework in Frameworks */ = {isa = PBXBuildFile; fileRef = 882297BD19BBFD350098467D /* CoreMedia.framework */; };
		882297C019BBFD3B0098467D /* Security.framework in Frameworks */ = {isa = PBXBuildFile; fileRef = 882297BF19BBFD3B0098467D /* Security.framework */; };
		882297C219BBFD3F0098467D /* SystemConfiguration.framework in Frameworks */ = {isa = PBXBuildFile; fileRef = 882297C119BBFD3F0098467D /* SystemConfiguration.framework */; };
		882297C419BBFD430098467D /* MediaPlayer.framework in Frameworks */ = {isa = PBXBuildFile; fileRef = 882297C319BBFD430098467D /* MediaPlayer.framework */; };
		882297C619BBFD690098467D /* libicucore.dylib in Frameworks */ = {isa = PBXBuildFile; fileRef = 882297C519BBFD690098467D /* libicucore.dylib */; };
		885947A019BC278E00268384 /* clgbackground.jpg in Resources */ = {isa = PBXBuildFile; fileRef = 8859479F19BC278E00268384 /* clgbackground.jpg */; };
		8859484119BC2AF800268384 /* FXBlurView.m in Sources */ = {isa = PBXBuildFile; fileRef = 885947E319BC2AF700268384 /* FXBlurView.m */; };
/* End PBXBuildFile section */

/* Begin PBXContainerItemProxy section */
		8822979919BBFC960098467D /* PBXContainerItemProxy */ = {
			isa = PBXContainerItemProxy;
			containerPortal = 8822976819BBFC960098467D /* Project object */;
			proxyType = 1;
			remoteGlobalIDString = 8822976F19BBFC960098467D;
			remoteInfo = TeslaMotion;
		};
/* End PBXContainerItemProxy section */

/* Begin PBXFileReference section */
		7A9C55CC4CD449AEB519B707 /* libPods.a */ = {isa = PBXFileReference; explicitFileType = archive.ar; includeInIndex = 0; path = libPods.a; sourceTree = BUILT_PRODUCTS_DIR; };
		8822977019BBFC960098467D /* TeslaMotion.app */ = {isa = PBXFileReference; explicitFileType = wrapper.application; includeInIndex = 0; path = TeslaMotion.app; sourceTree = BUILT_PRODUCTS_DIR; };
		8822977319BBFC960098467D /* Foundation.framework */ = {isa = PBXFileReference; lastKnownFileType = wrapper.framework; name = Foundation.framework; path = System/Library/Frameworks/Foundation.framework; sourceTree = SDKROOT; };
		8822977519BBFC960098467D /* CoreGraphics.framework */ = {isa = PBXFileReference; lastKnownFileType = wrapper.framework; name = CoreGraphics.framework; path = System/Library/Frameworks/CoreGraphics.framework; sourceTree = SDKROOT; };
		8822977719BBFC960098467D /* UIKit.framework */ = {isa = PBXFileReference; lastKnownFileType = wrapper.framework; name = UIKit.framework; path = System/Library/Frameworks/UIKit.framework; sourceTree = SDKROOT; };
		8822977B19BBFC960098467D /* TeslaMotion-Info.plist */ = {isa = PBXFileReference; lastKnownFileType = text.plist.xml; path = "TeslaMotion-Info.plist"; sourceTree = "<group>"; };
		8822977D19BBFC960098467D /* en */ = {isa = PBXFileReference; lastKnownFileType = text.plist.strings; name = en; path = en.lproj/InfoPlist.strings; sourceTree = "<group>"; };
		8822977F19BBFC960098467D /* main.m */ = {isa = PBXFileReference; lastKnownFileType = sourcecode.c.objc; path = main.m; sourceTree = "<group>"; };
		8822978119BBFC960098467D /* TeslaMotion-Prefix.pch */ = {isa = PBXFileReference; lastKnownFileType = sourcecode.c.h; path = "TeslaMotion-Prefix.pch"; sourceTree = "<group>"; };
		8822978219BBFC960098467D /* AppDelegate.h */ = {isa = PBXFileReference; lastKnownFileType = sourcecode.c.h; path = AppDelegate.h; sourceTree = "<group>"; };
		8822978319BBFC960098467D /* AppDelegate.m */ = {isa = PBXFileReference; lastKnownFileType = sourcecode.c.objc; path = AppDelegate.m; sourceTree = "<group>"; };
		8822978619BBFC960098467D /* Base */ = {isa = PBXFileReference; lastKnownFileType = file.storyboard; name = Base; path = Base.lproj/Main.storyboard; sourceTree = "<group>"; };
		8822978E19BBFC960098467D /* Images.xcassets */ = {isa = PBXFileReference; lastKnownFileType = folder.assetcatalog; path = Images.xcassets; sourceTree = "<group>"; };
		8822979419BBFC960098467D /* TeslaMotionTests.xctest */ = {isa = PBXFileReference; explicitFileType = wrapper.cfbundle; includeInIndex = 0; path = TeslaMotionTests.xctest; sourceTree = BUILT_PRODUCTS_DIR; };
		8822979519BBFC960098467D /* XCTest.framework */ = {isa = PBXFileReference; lastKnownFileType = wrapper.framework; name = XCTest.framework; path = Library/Frameworks/XCTest.framework; sourceTree = DEVELOPER_DIR; };
		8822979D19BBFC960098467D /* TeslaMotionTests-Info.plist */ = {isa = PBXFileReference; lastKnownFileType = text.plist.xml; path = "TeslaMotionTests-Info.plist"; sourceTree = "<group>"; };
		8822979F19BBFC960098467D /* en */ = {isa = PBXFileReference; lastKnownFileType = text.plist.strings; name = en; path = en.lproj/InfoPlist.strings; sourceTree = "<group>"; };
		882297A119BBFC960098467D /* TeslaMotionTests.m */ = {isa = PBXFileReference; lastKnownFileType = sourcecode.c.objc; path = TeslaMotionTests.m; sourceTree = "<group>"; };
		882297AE19BBFCEC0098467D /* SocketRocket-Prefix.pch */ = {isa = PBXFileReference; fileEncoding = 4; lastKnownFileType = sourcecode.c.h; path = "SocketRocket-Prefix.pch"; sourceTree = "<group>"; };
		882297AF19BBFCEC0098467D /* SRWebSocket.h */ = {isa = PBXFileReference; fileEncoding = 4; lastKnownFileType = sourcecode.c.h; path = SRWebSocket.h; sourceTree = "<group>"; };
		882297B019BBFCEC0098467D /* SRWebSocket.m */ = {isa = PBXFileReference; fileEncoding = 4; lastKnownFileType = sourcecode.c.objc; path = SRWebSocket.m; sourceTree = "<group>"; };
		882297B119BBFCEC0098467D /* MusicViewController.m */ = {isa = PBXFileReference; fileEncoding = 4; lastKnownFileType = sourcecode.c.objc; path = MusicViewController.m; sourceTree = "<group>"; };
		882297B219BBFCEC0098467D /* MusicViewController.h */ = {isa = PBXFileReference; fileEncoding = 4; lastKnownFileType = sourcecode.c.h; path = MusicViewController.h; sourceTree = "<group>"; };
		882297B419BBFCEC0098467D /* ConsumerCredentials.h */ = {isa = PBXFileReference; fileEncoding = 4; lastKnownFileType = sourcecode.c.h; path = ConsumerCredentials.h; sourceTree = "<group>"; };
		882297B719BBFD0F0098467D /* Rdio.framework */ = {isa = PBXFileReference; lastKnownFileType = wrapper.framework; path = Rdio.framework; sourceTree = "<group>"; };
		882297B919BBFD260098467D /* AudioToolbox.framework */ = {isa = PBXFileReference; lastKnownFileType = wrapper.framework; name = AudioToolbox.framework; path = System/Library/Frameworks/AudioToolbox.framework; sourceTree = SDKROOT; };
		882297BB19BBFD2B0098467D /* CFNetwork.framework */ = {isa = PBXFileReference; lastKnownFileType = wrapper.framework; name = CFNetwork.framework; path = System/Library/Frameworks/CFNetwork.framework; sourceTree = SDKROOT; };
		882297BD19BBFD350098467D /* CoreMedia.framework */ = {isa = PBXFileReference; lastKnownFileType = wrapper.framework; name = CoreMedia.framework; path = System/Library/Frameworks/CoreMedia.framework; sourceTree = SDKROOT; };
		882297BF19BBFD3B0098467D /* Security.framework */ = {isa = PBXFileReference; lastKnownFileType = wrapper.framework; name = Security.framework; path = System/Library/Frameworks/Security.framework; sourceTree = SDKROOT; };
		882297C119BBFD3F0098467D /* SystemConfiguration.framework */ = {isa = PBXFileReference; lastKnownFileType = wrapper.framework; name = SystemConfiguration.framework; path = System/Library/Frameworks/SystemConfiguration.framework; sourceTree = SDKROOT; };
		882297C319BBFD430098467D /* MediaPlayer.framework */ = {isa = PBXFileReference; lastKnownFileType = wrapper.framework; name = MediaPlayer.framework; path = System/Library/Frameworks/MediaPlayer.framework; sourceTree = SDKROOT; };
		882297C519BBFD690098467D /* libicucore.dylib */ = {isa = PBXFileReference; lastKnownFileType = "compiled.mach-o.dylib"; name = libicucore.dylib; path = usr/lib/libicucore.dylib; sourceTree = SDKROOT; };
		8859479F19BC278E00268384 /* clgbackground.jpg */ = {isa = PBXFileReference; lastKnownFileType = image.jpeg; path = clgbackground.jpg; sourceTree = "<group>"; };
		885947E219BC2AF700268384 /* FXBlurView.h */ = {isa = PBXFileReference; fileEncoding = 4; lastKnownFileType = sourcecode.c.h; path = FXBlurView.h; sourceTree = "<group>"; };
		885947E319BC2AF700268384 /* FXBlurView.m */ = {isa = PBXFileReference; fileEncoding = 4; lastKnownFileType = sourcecode.c.objc; path = FXBlurView.m; sourceTree = "<group>"; };
		FCA33E8C160C4F3B8399B01D /* Pods.xcconfig */ = {isa = PBXFileReference; includeInIndex = 1; lastKnownFileType = text.xcconfig; name = Pods.xcconfig; path = Pods/Pods.xcconfig; sourceTree = "<group>"; };
/* End PBXFileReference section */

/* Begin PBXFrameworksBuildPhase section */
		8822976D19BBFC960098467D /* Frameworks */ = {
			isa = PBXFrameworksBuildPhase;
			buildActionMask = 2147483647;
			files = (
				882297C019BBFD3B0098467D /* Security.framework in Frameworks */,
				882297C619BBFD690098467D /* libicucore.dylib in Frameworks */,
				882297C419BBFD430098467D /* MediaPlayer.framework in Frameworks */,
				882297C219BBFD3F0098467D /* SystemConfiguration.framework in Frameworks */,
				882297BE19BBFD350098467D /* CoreMedia.framework in Frameworks */,
				8822977619BBFC960098467D /* CoreGraphics.framework in Frameworks */,
				882297BC19BBFD2B0098467D /* CFNetwork.framework in Frameworks */,
				882297BA19BBFD260098467D /* AudioToolbox.framework in Frameworks */,
				882297B819BBFD0F0098467D /* Rdio.framework in Frameworks */,
				8822977819BBFC960098467D /* UIKit.framework in Frameworks */,
				8822977419BBFC960098467D /* Foundation.framework in Frameworks */,
				590BA87E0BC14917A91CF98C /* libPods.a in Frameworks */,
			);
			runOnlyForDeploymentPostprocessing = 0;
		};
		8822979119BBFC960098467D /* Frameworks */ = {
			isa = PBXFrameworksBuildPhase;
			buildActionMask = 2147483647;
			files = (
				8822979619BBFC960098467D /* XCTest.framework in Frameworks */,
				8822979819BBFC960098467D /* UIKit.framework in Frameworks */,
				8822979719BBFC960098467D /* Foundation.framework in Frameworks */,
			);
			runOnlyForDeploymentPostprocessing = 0;
		};
/* End PBXFrameworksBuildPhase section */

/* Begin PBXGroup section */
		8822976719BBFC960098467D = {
			isa = PBXGroup;
			children = (
				8822977919BBFC960098467D /* TeslaMotion */,
				8822979B19BBFC960098467D /* TeslaMotionTests */,
				8822977219BBFC960098467D /* Frameworks */,
				8822977119BBFC960098467D /* Products */,
				FCA33E8C160C4F3B8399B01D /* Pods.xcconfig */,
			);
			sourceTree = "<group>";
		};
		8822977119BBFC960098467D /* Products */ = {
			isa = PBXGroup;
			children = (
				8822977019BBFC960098467D /* TeslaMotion.app */,
				8822979419BBFC960098467D /* TeslaMotionTests.xctest */,
			);
			name = Products;
			sourceTree = "<group>";
		};
		8822977219BBFC960098467D /* Frameworks */ = {
			isa = PBXGroup;
			children = (
				882297C519BBFD690098467D /* libicucore.dylib */,
				882297C319BBFD430098467D /* MediaPlayer.framework */,
				882297C119BBFD3F0098467D /* SystemConfiguration.framework */,
				882297BF19BBFD3B0098467D /* Security.framework */,
				882297BD19BBFD350098467D /* CoreMedia.framework */,
				882297BB19BBFD2B0098467D /* CFNetwork.framework */,
				882297B919BBFD260098467D /* AudioToolbox.framework */,
				882297B719BBFD0F0098467D /* Rdio.framework */,
				8822977319BBFC960098467D /* Foundation.framework */,
				8822977519BBFC960098467D /* CoreGraphics.framework */,
				8822977719BBFC960098467D /* UIKit.framework */,
				8822979519BBFC960098467D /* XCTest.framework */,
				7A9C55CC4CD449AEB519B707 /* libPods.a */,
			);
			name = Frameworks;
			sourceTree = "<group>";
		};
		8822977919BBFC960098467D /* TeslaMotion */ = {
			isa = PBXGroup;
			children = (
				8859479F19BC278E00268384 /* clgbackground.jpg */,
				882297AB19BBFCEC0098467D /* Library */,
				882297B219BBFCEC0098467D /* MusicViewController.h */,
				882297B119BBFCEC0098467D /* MusicViewController.m */,
				882297B319BBFCEC0098467D /* Credentials */,
				8822978219BBFC960098467D /* AppDelegate.h */,
				8822978319BBFC960098467D /* AppDelegate.m */,
				8822978519BBFC960098467D /* Main.storyboard */,
				8822978E19BBFC960098467D /* Images.xcassets */,
				8822977A19BBFC960098467D /* Supporting Files */,
			);
			path = TeslaMotion;
			sourceTree = "<group>";
		};
		8822977A19BBFC960098467D /* Supporting Files */ = {
			isa = PBXGroup;
			children = (
				8822977B19BBFC960098467D /* TeslaMotion-Info.plist */,
				8822977C19BBFC960098467D /* InfoPlist.strings */,
				8822977F19BBFC960098467D /* main.m */,
				8822978119BBFC960098467D /* TeslaMotion-Prefix.pch */,
			);
			name = "Supporting Files";
			sourceTree = "<group>";
		};
		8822979B19BBFC960098467D /* TeslaMotionTests */ = {
			isa = PBXGroup;
			children = (
				882297A119BBFC960098467D /* TeslaMotionTests.m */,
				8822979C19BBFC960098467D /* Supporting Files */,
			);
			path = TeslaMotionTests;
			sourceTree = "<group>";
		};
		8822979C19BBFC960098467D /* Supporting Files */ = {
			isa = PBXGroup;
			children = (
				8822979D19BBFC960098467D /* TeslaMotionTests-Info.plist */,
				8822979E19BBFC960098467D /* InfoPlist.strings */,
			);
			name = "Supporting Files";
			sourceTree = "<group>";
		};
		882297AB19BBFCEC0098467D /* Library */ = {
			isa = PBXGroup;
			children = (
				885947A119BC2AF700268384 /* FXBlurView */,
				882297AC19BBFCEC0098467D /* rdio */,
				882297AD19BBFCEC0098467D /* SocketRocket */,
			);
			path = Library;
			sourceTree = "<group>";
		};
		882297AC19BBFCEC0098467D /* rdio */ = {
			isa = PBXGroup;
			children = (
			);
			path = rdio;
			sourceTree = "<group>";
		};
		882297AD19BBFCEC0098467D /* SocketRocket */ = {
			isa = PBXGroup;
			children = (
				882297AE19BBFCEC0098467D /* SocketRocket-Prefix.pch */,
				882297AF19BBFCEC0098467D /* SRWebSocket.h */,
				882297B019BBFCEC0098467D /* SRWebSocket.m */,
			);
			path = SocketRocket;
			sourceTree = "<group>";
		};
		882297B319BBFCEC0098467D /* Credentials */ = {
			isa = PBXGroup;
			children = (
				882297B419BBFCEC0098467D /* ConsumerCredentials.h */,
			);
			path = Credentials;
			sourceTree = "<group>";
		};
		885947A119BC2AF700268384 /* FXBlurView */ = {
			isa = PBXGroup;
			children = (
				885947E119BC2AF700268384 /* FXBlurView */,
			);
			path = FXBlurView;
			sourceTree = "<group>";
		};
		885947E119BC2AF700268384 /* FXBlurView */ = {
			isa = PBXGroup;
			children = (
				885947E219BC2AF700268384 /* FXBlurView.h */,
				885947E319BC2AF700268384 /* FXBlurView.m */,
			);
			path = FXBlurView;
			sourceTree = "<group>";
		};
/* End PBXGroup section */

/* Begin PBXNativeTarget section */
		8822976F19BBFC960098467D /* TeslaMotion */ = {
			isa = PBXNativeTarget;
			buildConfigurationList = 882297A519BBFC960098467D /* Build configuration list for PBXNativeTarget "TeslaMotion" */;
			buildPhases = (
				C12565EDFFAB4ECEB04A6431 /* Check Pods Manifest.lock */,
				8822976C19BBFC960098467D /* Sources */,
				8822976D19BBFC960098467D /* Frameworks */,
				8822976E19BBFC960098467D /* Resources */,
				F5C2D42B9E5542D4934769FB /* Copy Pods Resources */,
			);
			buildRules = (
			);
			dependencies = (
			);
			name = TeslaMotion;
			productName = TeslaMotion;
			productReference = 8822977019BBFC960098467D /* TeslaMotion.app */;
			productType = "com.apple.product-type.application";
		};
		8822979319BBFC960098467D /* TeslaMotionTests */ = {
			isa = PBXNativeTarget;
			buildConfigurationList = 882297A819BBFC960098467D /* Build configuration list for PBXNativeTarget "TeslaMotionTests" */;
			buildPhases = (
				8822979019BBFC960098467D /* Sources */,
				8822979119BBFC960098467D /* Frameworks */,
				8822979219BBFC960098467D /* Resources */,
			);
			buildRules = (
			);
			dependencies = (
				8822979A19BBFC960098467D /* PBXTargetDependency */,
			);
			name = TeslaMotionTests;
			productName = TeslaMotionTests;
			productReference = 8822979419BBFC960098467D /* TeslaMotionTests.xctest */;
			productType = "com.apple.product-type.bundle.unit-test";
		};
/* End PBXNativeTarget section */

/* Begin PBXProject section */
		8822976819BBFC960098467D /* Project object */ = {
			isa = PBXProject;
			attributes = {
				LastUpgradeCheck = 0510;
				ORGANIZATIONNAME = "Rick Ling";
				TargetAttributes = {
					8822979319BBFC960098467D = {
						TestTargetID = 8822976F19BBFC960098467D;
					};
				};
			};
			buildConfigurationList = 8822976B19BBFC960098467D /* Build configuration list for PBXProject "TeslaMotion" */;
			compatibilityVersion = "Xcode 3.2";
			developmentRegion = English;
			hasScannedForEncodings = 0;
			knownRegions = (
				en,
				Base,
			);
			mainGroup = 8822976719BBFC960098467D;
			productRefGroup = 8822977119BBFC960098467D /* Products */;
			projectDirPath = "";
			projectRoot = "";
			targets = (
				8822976F19BBFC960098467D /* TeslaMotion */,
				8822979319BBFC960098467D /* TeslaMotionTests */,
			);
		};
/* End PBXProject section */

/* Begin PBXResourcesBuildPhase section */
		8822976E19BBFC960098467D /* Resources */ = {
			isa = PBXResourcesBuildPhase;
			buildActionMask = 2147483647;
			files = (
				8822978F19BBFC960098467D /* Images.xcassets in Resources */,
				8822977E19BBFC960098467D /* InfoPlist.strings in Resources */,
				885947A019BC278E00268384 /* clgbackground.jpg in Resources */,
				8822978719BBFC960098467D /* Main.storyboard in Resources */,
			);
			runOnlyForDeploymentPostprocessing = 0;
		};
		8822979219BBFC960098467D /* Resources */ = {
			isa = PBXResourcesBuildPhase;
			buildActionMask = 2147483647;
			files = (
				882297A019BBFC960098467D /* InfoPlist.strings in Resources */,
			);
			runOnlyForDeploymentPostprocessing = 0;
		};
/* End PBXResourcesBuildPhase section */

/* Begin PBXShellScriptBuildPhase section */
		C12565EDFFAB4ECEB04A6431 /* Check Pods Manifest.lock */ = {
			isa = PBXShellScriptBuildPhase;
			buildActionMask = 2147483647;
			files = (
			);
			inputPaths = (
			);
			name = "Check Pods Manifest.lock";
			outputPaths = (
			);
			runOnlyForDeploymentPostprocessing = 0;
			shellPath = /bin/sh;
			shellScript = "diff \"${PODS_ROOT}/../Podfile.lock\" \"${PODS_ROOT}/Manifest.lock\" > /dev/null\nif [[ $? != 0 ]] ; then\n    cat << EOM\nerror: The sandbox is not in sync with the Podfile.lock. Run 'pod install' or update your CocoaPods installation.\nEOM\n    exit 1\nfi\n";
			showEnvVarsInLog = 0;
		};
		F5C2D42B9E5542D4934769FB /* Copy Pods Resources */ = {
			isa = PBXShellScriptBuildPhase;
			buildActionMask = 2147483647;
			files = (
			);
			inputPaths = (
			);
			name = "Copy Pods Resources";
			outputPaths = (
			);
			runOnlyForDeploymentPostprocessing = 0;
			shellPath = /bin/sh;
			shellScript = "\"${SRCROOT}/Pods/Pods-resources.sh\"\n";
			showEnvVarsInLog = 0;
		};
/* End PBXShellScriptBuildPhase section */

/* Begin PBXSourcesBuildPhase section */
		8822976C19BBFC960098467D /* Sources */ = {
			isa = PBXSourcesBuildPhase;
			buildActionMask = 2147483647;
			files = (
				882297B619BBFCEC0098467D /* MusicViewController.m in Sources */,
				882297B519BBFCEC0098467D /* SRWebSocket.m in Sources */,
				8822978419BBFC960098467D /* AppDelegate.m in Sources */,
				8822978019BBFC960098467D /* main.m in Sources */,
				8859484119BC2AF800268384 /* FXBlurView.m in Sources */,
			);
			runOnlyForDeploymentPostprocessing = 0;
		};
		8822979019BBFC960098467D /* Sources */ = {
			isa = PBXSourcesBuildPhase;
			buildActionMask = 2147483647;
			files = (
				882297A219BBFC960098467D /* TeslaMotionTests.m in Sources */,
			);
			runOnlyForDeploymentPostprocessing = 0;
		};
/* End PBXSourcesBuildPhase section */

/* Begin PBXTargetDependency section */
		8822979A19BBFC960098467D /* PBXTargetDependency */ = {
			isa = PBXTargetDependency;
			target = 8822976F19BBFC960098467D /* TeslaMotion */;
			targetProxy = 8822979919BBFC960098467D /* PBXContainerItemProxy */;
		};
/* End PBXTargetDependency section */

/* Begin PBXVariantGroup section */
		8822977C19BBFC960098467D /* InfoPlist.strings */ = {
			isa = PBXVariantGroup;
			children = (
				8822977D19BBFC960098467D /* en */,
			);
			name = InfoPlist.strings;
			sourceTree = "<group>";
		};
		8822978519BBFC960098467D /* Main.storyboard */ = {
			isa = PBXVariantGroup;
			children = (
				8822978619BBFC960098467D /* Base */,
			);
			name = Main.storyboard;
			sourceTree = "<group>";
		};
		8822979E19BBFC960098467D /* InfoPlist.strings */ = {
			isa = PBXVariantGroup;
			children = (
				8822979F19BBFC960098467D /* en */,
			);
			name = InfoPlist.strings;
			sourceTree = "<group>";
		};
/* End PBXVariantGroup section */

/* Begin XCBuildConfiguration section */
		882297A319BBFC960098467D /* Debug */ = {
			isa = XCBuildConfiguration;
			buildSettings = {
				ALWAYS_SEARCH_USER_PATHS = NO;
				CLANG_CXX_LANGUAGE_STANDARD = "gnu++0x";
				CLANG_CXX_LIBRARY = "libc++";
				CLANG_ENABLE_MODULES = YES;
				CLANG_ENABLE_OBJC_ARC = YES;
				CLANG_WARN_BOOL_CONVERSION = YES;
				CLANG_WARN_CONSTANT_CONVERSION = YES;
				CLANG_WARN_DIRECT_OBJC_ISA_USAGE = YES_ERROR;
				CLANG_WARN_EMPTY_BODY = YES;
				CLANG_WARN_ENUM_CONVERSION = YES;
				CLANG_WARN_INT_CONVERSION = YES;
				CLANG_WARN_OBJC_ROOT_CLASS = YES_ERROR;
				CLANG_WARN__DUPLICATE_METHOD_MATCH = YES;
				"CODE_SIGN_IDENTITY[sdk=iphoneos*]" = "iPhone Developer";
				COPY_PHASE_STRIP = NO;
				GCC_C_LANGUAGE_STANDARD = gnu99;
				GCC_DYNAMIC_NO_PIC = NO;
				GCC_OPTIMIZATION_LEVEL = 0;
				GCC_PREPROCESSOR_DEFINITIONS = (
					"DEBUG=1",
					"$(inherited)",
				);
				GCC_SYMBOLS_PRIVATE_EXTERN = NO;
				GCC_WARN_64_TO_32_BIT_CONVERSION = YES;
				GCC_WARN_ABOUT_RETURN_TYPE = YES_ERROR;
				GCC_WARN_UNDECLARED_SELECTOR = YES;
				GCC_WARN_UNINITIALIZED_AUTOS = YES_AGGRESSIVE;
				GCC_WARN_UNUSED_FUNCTION = YES;
				GCC_WARN_UNUSED_VARIABLE = YES;
				IPHONEOS_DEPLOYMENT_TARGET = 7.1;
				ONLY_ACTIVE_ARCH = YES;
				SDKROOT = iphoneos;
			};
			name = Debug;
		};
		882297A419BBFC960098467D /* Release */ = {
			isa = XCBuildConfiguration;
			buildSettings = {
				ALWAYS_SEARCH_USER_PATHS = NO;
				CLANG_CXX_LANGUAGE_STANDARD = "gnu++0x";
				CLANG_CXX_LIBRARY = "libc++";
				CLANG_ENABLE_MODULES = YES;
				CLANG_ENABLE_OBJC_ARC = YES;
				CLANG_WARN_BOOL_CONVERSION = YES;
				CLANG_WARN_CONSTANT_CONVERSION = YES;
				CLANG_WARN_DIRECT_OBJC_ISA_USAGE = YES_ERROR;
				CLANG_WARN_EMPTY_BODY = YES;
				CLANG_WARN_ENUM_CONVERSION = YES;
				CLANG_WARN_INT_CONVERSION = YES;
				CLANG_WARN_OBJC_ROOT_CLASS = YES_ERROR;
				CLANG_WARN__DUPLICATE_METHOD_MATCH = YES;
				"CODE_SIGN_IDENTITY[sdk=iphoneos*]" = "iPhone Developer";
				COPY_PHASE_STRIP = YES;
				ENABLE_NS_ASSERTIONS = NO;
				GCC_C_LANGUAGE_STANDARD = gnu99;
				GCC_WARN_64_TO_32_BIT_CONVERSION = YES;
				GCC_WARN_ABOUT_RETURN_TYPE = YES_ERROR;
				GCC_WARN_UNDECLARED_SELECTOR = YES;
				GCC_WARN_UNINITIALIZED_AUTOS = YES_AGGRESSIVE;
				GCC_WARN_UNUSED_FUNCTION = YES;
				GCC_WARN_UNUSED_VARIABLE = YES;
				IPHONEOS_DEPLOYMENT_TARGET = 7.1;
				SDKROOT = iphoneos;
				VALIDATE_PRODUCT = YES;
			};
			name = Release;
		};
		882297A619BBFC960098467D /* Debug */ = {
			isa = XCBuildConfiguration;
			baseConfigurationReference = FCA33E8C160C4F3B8399B01D /* Pods.xcconfig */;
			buildSettings = {
				ASSETCATALOG_COMPILER_APPICON_NAME = AppIcon;
				ASSETCATALOG_COMPILER_LAUNCHIMAGE_NAME = LaunchImage;
				FRAMEWORK_SEARCH_PATHS = (
					"$(inherited)",
					"$(PROJECT_DIR)",
				);
				GCC_PRECOMPILE_PREFIX_HEADER = YES;
				GCC_PREFIX_HEADER = "TeslaMotion/TeslaMotion-Prefix.pch";
				INFOPLIST_FILE = "TeslaMotion/TeslaMotion-Info.plist";
				OTHER_LDFLAGS = "-all_load";
				PRODUCT_NAME = "$(TARGET_NAME)";
				WRAPPER_EXTENSION = app;
			};
			name = Debug;
		};
		882297A719BBFC960098467D /* Release */ = {
			isa = XCBuildConfiguration;
			baseConfigurationReference = FCA33E8C160C4F3B8399B01D /* Pods.xcconfig */;
			buildSettings = {
				ASSETCATALOG_COMPILER_APPICON_NAME = AppIcon;
				ASSETCATALOG_COMPILER_LAUNCHIMAGE_NAME = LaunchImage;
				FRAMEWORK_SEARCH_PATHS = (
					"$(inherited)",
					"$(PROJECT_DIR)",
				);
				GCC_PRECOMPILE_PREFIX_HEADER = YES;
				GCC_PREFIX_HEADER = "TeslaMotion/TeslaMotion-Prefix.pch";
				INFOPLIST_FILE = "TeslaMotion/TeslaMotion-Info.plist";
				OTHER_LDFLAGS = "-all_load";
				PRODUCT_NAME = "$(TARGET_NAME)";
				WRAPPER_EXTENSION = app;
			};
			name = Release;
		};
		882297A919BBFC960098467D /* Debug */ = {
			isa = XCBuildConfiguration;
			buildSettings = {
				BUNDLE_LOADER = "$(BUILT_PRODUCTS_DIR)/TeslaMotion.app/TeslaMotion";
				FRAMEWORK_SEARCH_PATHS = (
					"$(SDKROOT)/Developer/Library/Frameworks",
					"$(inherited)",
					"$(DEVELOPER_FRAMEWORKS_DIR)",
				);
				GCC_PRECOMPILE_PREFIX_HEADER = YES;
				GCC_PREFIX_HEADER = "TeslaMotion/TeslaMotion-Prefix.pch";
				GCC_PREPROCESSOR_DEFINITIONS = (
					"DEBUG=1",
					"$(inherited)",
				);
				INFOPLIST_FILE = "TeslaMotionTests/TeslaMotionTests-Info.plist";
				PRODUCT_NAME = "$(TARGET_NAME)";
				TEST_HOST = "$(BUNDLE_LOADER)";
				WRAPPER_EXTENSION = xctest;
			};
			name = Debug;
		};
		882297AA19BBFC960098467D /* Release */ = {
			isa = XCBuildConfiguration;
			buildSettings = {
				BUNDLE_LOADER = "$(BUILT_PRODUCTS_DIR)/TeslaMotion.app/TeslaMotion";
				FRAMEWORK_SEARCH_PATHS = (
					"$(SDKROOT)/Developer/Library/Frameworks",
					"$(inherited)",
					"$(DEVELOPER_FRAMEWORKS_DIR)",
				);
				GCC_PRECOMPILE_PREFIX_HEADER = YES;
				GCC_PREFIX_HEADER = "TeslaMotion/TeslaMotion-Prefix.pch";
				INFOPLIST_FILE = "TeslaMotionTests/TeslaMotionTests-Info.plist";
				PRODUCT_NAME = "$(TARGET_NAME)";
				TEST_HOST = "$(BUNDLE_LOADER)";
				WRAPPER_EXTENSION = xctest;
			};
			name = Release;
		};
/* End XCBuildConfiguration section */

/* Begin XCConfigurationList section */
		8822976B19BBFC960098467D /* Build configuration list for PBXProject "TeslaMotion" */ = {
			isa = XCConfigurationList;
			buildConfigurations = (
				882297A319BBFC960098467D /* Debug */,
				882297A419BBFC960098467D /* Release */,
			);
			defaultConfigurationIsVisible = 0;
			defaultConfigurationName = Release;
		};
		882297A519BBFC960098467D /* Build configuration list for PBXNativeTarget "TeslaMotion" */ = {
			isa = XCConfigurationList;
			buildConfigurations = (
				882297A619BBFC960098467D /* Debug */,
				882297A719BBFC960098467D /* Release */,
			);
			defaultConfigurationIsVisible = 0;
			defaultConfigurationName = Release;
		};
		882297A819BBFC960098467D /* Build configuration list for PBXNativeTarget "TeslaMotionTests" */ = {
			isa = XCConfigurationList;
			buildConfigurations = (
				882297A919BBFC960098467D /* Debug */,
				882297AA19BBFC960098467D /* Release */,
			);
			defaultConfigurationIsVisible = 0;
			defaultConfigurationName = Release;
		};
/* End XCConfigurationList section */
	};
	rootObject = 8822976819BBFC960098467D /* Project object */;
}
